
Microsoft Visual Studio Solution File, Format Version 12.00
# Visual Studio 15
VisualStudioVersion = 15.0.26228.4
MinimumVisualStudioVersion = 10.0.40219.1
Project("{FAE04EC0-301F-11D3-BF4B-00C04F79EFBC}") = "DocPreview", "DocPreview\DocPreview.csproj", "{4B9917A9-FB25-40C6-A20D-33C60F451B12}"
EndProject
Project("{FAE04EC0-301F-11D3-BF4B-00C04F79EFBC}") = "DocPreview.Test", "DocPreview.Test\DocPreview.Test.csproj", "{7D83AF5E-E617-4A07-AF73-B3E810EBF68F}"
EndProject
Project("{FAE04EC0-301F-11D3-BF4B-00C04F79EFBC}") = "DocPrevGen", "DocPrevGen\DocPrevGen.csproj", "{2CDBDC13-47C6-42AB-982F-5ECC62C483AD}"
EndProject
Project("{FAE04EC0-301F-11D3-BF4B-00C04F79EFBC}") = "DocPreview.Testpad", "DocPreview.Testpad\DocPreview.Testpad.csproj", "{0DDB9B18-367B-4C28-B7E3-41F1AA7C50EA}"
EndProject
Global
	GlobalSection(SolutionConfigurationPlatforms) = preSolution
		Debug|Any CPU = Debug|Any CPU
		Release|Any CPU = Release|Any CPU
	EndGlobalSection
	GlobalSection(ProjectConfigurationPlatforms) = postSolution
		{4B9917A9-FB25-40C6-A20D-33C60F451B12}.Debug|Any CPU.ActiveCfg = Debug|Any CPU
		{4B9917A9-FB25-40C6-A20D-33C60F451B12}.Debug|Any CPU.Build.0 = Debug|Any CPU
		{4B9917A9-FB25-40C6-A20D-33C60F451B12}.Release|Any CPU.ActiveCfg = Release|Any CPU
		{4B9917A9-FB25-40C6-A20D-33C60F451B12}.Release|Any CPU.Build.0 = Release|Any CPU
		{7D83AF5E-E617-4A07-AF73-B3E810EBF68F}.Debug|Any CPU.ActiveCfg = Debug|Any CPU
		{7D83AF5E-E617-4A07-AF73-B3E810EBF68F}.Debug|Any CPU.Build.0 = Debug|Any CPU
		{7D83AF5E-E617-4A07-AF73-B3E810EBF68F}.Release|Any CPU.ActiveCfg = Release|Any CPU
		{7D83AF5E-E617-4A07-AF73-B3E810EBF68F}.Release|Any CPU.Build.0 = Release|Any CPU
		{2CDBDC13-47C6-42AB-982F-5ECC62C483AD}.Debug|Any CPU.ActiveCfg = Debug|Any CPU
		{2CDBDC13-47C6-42AB-982F-5ECC62C483AD}.Debug|Any CPU.Build.0 = Debug|Any CPU
		{2CDBDC13-47C6-42AB-982F-5ECC62C483AD}.Release|Any CPU.ActiveCfg = Release|Any CPU
		{2CDBDC13-47C6-42AB-982F-5ECC62C483AD}.Release|Any CPU.Build.0 = Release|Any CPU
		{0DDB9B18-367B-4C28-B7E3-41F1AA7C50EA}.Debug|Any CPU.ActiveCfg = Debug|Any CPU
		{0DDB9B18-367B-4C28-B7E3-41F1AA7C50EA}.Debug|Any CPU.Build.0 = Debug|Any CPU
		{0DDB9B18-367B-4C28-B7E3-41F1AA7C50EA}.Release|Any CPU.ActiveCfg = Release|Any CPU
		{0DDB9B18-367B-4C28-B7E3-41F1AA7C50EA}.Release|Any CPU.Build.0 = Release|Any CPU
	EndGlobalSection
	GlobalSection(SolutionProperties) = preSolution
		HideSolutionNode = FALSE
	EndGlobalSection
EndGlobal
