
Microsoft Visual Studio Solution File, Format Version 12.00
# Visual Studio Version 17
VisualStudioVersion = 17.0.32014.148
MinimumVisualStudioVersion = 10.0.40219.1
Project("{FAE04EC0-301F-11D3-BF4B-00C04F79EFBC}") = "DocPreview", "DocPreview\DocPreview.csproj", "{295A378E-5D40-4780-B512-849F905AEDF0}"
EndProject
Project("{FAE04EC0-301F-11D3-BF4B-00C04F79EFBC}") = "DocPreview.Test", "DocPreview.Test\DocPreview.Test.csproj", "{7D83AF5E-E617-4A07-AF73-B3E810EBF68F}"
EndProject
Project("{FAE04EC0-301F-11D3-BF4B-00C04F79EFBC}") = "DocPrevGen", "DocPrevGen\DocPrevGen.csproj", "{2CDBDC13-47C6-42AB-982F-5ECC62C483AD}"
EndProject
Global
	GlobalSection(SolutionConfigurationPlatforms) = preSolution
		Debug|Any CPU = Debug|Any CPU
		Release|Any CPU = Release|Any CPU
	EndGlobalSection
	GlobalSection(ProjectConfigurationPlatforms) = postSolution
		{295A378E-5D40-4780-B512-849F905AEDF0}.Debug|Any CPU.ActiveCfg = Debug|Any CPU
		{295A378E-5D40-4780-B512-849F905AEDF0}.Debug|Any CPU.Build.0 = Debug|Any CPU
		{295A378E-5D40-4780-B512-849F905AEDF0}.Release|Any CPU.ActiveCfg = Release|Any CPU
		{295A378E-5D40-4780-B512-849F905AEDF0}.Release|Any CPU.Build.0 = Release|Any CPU
		{7D83AF5E-E617-4A07-AF73-B3E810EBF68F}.Debug|Any CPU.ActiveCfg = Debug|Any CPU
		{7D83AF5E-E617-4A07-AF73-B3E810EBF68F}.Debug|Any CPU.Build.0 = Debug|Any CPU
		{7D83AF5E-E617-4A07-AF73-B3E810EBF68F}.Release|Any CPU.ActiveCfg = Release|Any CPU
		{7D83AF5E-E617-4A07-AF73-B3E810EBF68F}.Release|Any CPU.Build.0 = Release|Any CPU
		{2CDBDC13-47C6-42AB-982F-5ECC62C483AD}.Debug|Any CPU.ActiveCfg = Debug|Any CPU
		{2CDBDC13-47C6-42AB-982F-5ECC62C483AD}.Debug|Any CPU.Build.0 = Debug|Any CPU
		{2CDBDC13-47C6-42AB-982F-5ECC62C483AD}.Release|Any CPU.ActiveCfg = Release|Any CPU
		{2CDBDC13-47C6-42AB-982F-5ECC62C483AD}.Release|Any CPU.Build.0 = Release|Any CPU
	EndGlobalSection
	GlobalSection(SolutionProperties) = preSolution
		HideSolutionNode = FALSE
	EndGlobalSection
	GlobalSection(ExtensibilityGlobals) = postSolution
		SolutionGuid = {C9ABC25B-8B9F-46F5-8AB6-CD3F7B113D63}
	EndGlobalSection
EndGlobal
